
Microsoft Visual Studio Solution File, Format Version 12.00
# Visual Studio Version 17
VisualStudioVersion = 17.2.32616.157
MinimumVisualStudioVersion = 10.0.40219.1
Project("{FAE04EC0-301F-11D3-BF4B-00C04F79EFBC}") = "EmployeeReportKata", "EmployeeReportKata.csproj", "{898516E0-85F5-4475-AB1A-4818054EC061}"
EndProject
Global
	GlobalSection(SolutionConfigurationPlatforms) = preSolution
		Debug|Any CPU = Debug|Any CPU
		Release|Any CPU = Release|Any CPU
	EndGlobalSection
	GlobalSection(ProjectConfigurationPlatforms) = postSolution
		{898516E0-85F5-4475-AB1A-4818054EC061}.Debug|Any CPU.ActiveCfg = Debug|Any CPU
		{898516E0-85F5-4475-AB1A-4818054EC061}.Debug|Any CPU.Build.0 = Debug|Any CPU
		{898516E0-85F5-4475-AB1A-4818054EC061}.Release|Any CPU.ActiveCfg = Release|Any CPU
		{898516E0-85F5-4475-AB1A-4818054EC061}.Release|Any CPU.Build.0 = Release|Any CPU
	EndGlobalSection
	GlobalSection(SolutionProperties) = preSolution
		HideSolutionNode = FALSE
	EndGlobalSection
	GlobalSection(ExtensibilityGlobals) = postSolution
		SolutionGuid = {10839A58-6252-4F03-AACA-73B3662C1A0B}
	EndGlobalSection
EndGlobal
